Microsoft Visual Studio Solution File, Format Version 12.00
# Visual Studio Version 16
VisualStudioVersion = 16.0.30611.23
MinimumVisualStudioVersion = 10.0.40219.1
Project("{9A19103F-16F7-4668-BE54-9A1E7A4F7556}") = "FHICORC", "FHICORC\FHICORC.csproj", "{6E489D54-1048-4780-81D1-A694A49C3339}"
EndProject
Project("{9A19103F-16F7-4668-BE54-9A1E7A4F7556}") = "FHICORC.Tests", "FHICORC.Tests\FHICORC.Tests.csproj", "{527A0E95-1B35-467D-B896-3ACF44EE50EA}"
EndProject
Project("{9A19103F-16F7-4668-BE54-9A1E7A4F7556}") = "FHICORC.Core", "FHICORC.Core\FHICORC.Core.csproj", "{01BA28A8-4E03-43A4-A8E2-8488D3841FDA}"
EndProject
Project("{FAE04EC0-301F-11D3-BF4B-00C04F79EFBC}") = "FHICORC.Android", "FHICORC.Android\FHICORC.Android.csproj", "{3703B8A3-43FA-4B9F-831D-331686527F34}"
EndProject
Project("{FAE04EC0-301F-11D3-BF4B-00C04F79EFBC}") = "FHICORC.iOS", "FHICORC.iOS\FHICORC.iOS.csproj", "{405FDB97-9A61-426F-B1B9-86D876065C57}"
EndProject
Global
	GlobalSection(SolutionConfigurationPlatforms) = preSolution
		AppStore|Any CPU = AppStore|Any CPU
		AppStore|iPhone = AppStore|iPhone
		AppStore|iPhoneSimulator = AppStore|iPhoneSimulator
		AppStoreBeta|Any CPU = AppStoreBeta|Any CPU
		AppStoreBeta|iPhone = AppStoreBeta|iPhone
		AppStoreBeta|iPhoneSimulator = AppStoreBeta|iPhoneSimulator
		Debug|Any CPU = Debug|Any CPU
		Debug|iPhone = Debug|iPhone
		Debug|iPhoneSimulator = Debug|iPhoneSimulator
		Development|Any CPU = Development|Any CPU
		Development|iPhone = Development|iPhone
		Development|iPhoneSimulator = Development|iPhoneSimulator
		Test|Any CPU = Test|Any CPU
		Test|iPhone = Test|iPhone
		Test|iPhoneSimulator = Test|iPhoneSimulator
		Unittests|Any CPU = Unittests|Any CPU
		Unittests|iPhone = Unittests|iPhone
		Unittests|iPhoneSimulator = Unittests|iPhoneSimulator
	EndGlobalSection
	GlobalSection(ProjectConfigurationPlatforms) = postSolution
		{6E489D54-1048-4780-81D1-A694A49C3339}.AppStore|Any CPU.ActiveCfg = AppStore|Any CPU
		{6E489D54-1048-4780-81D1-A694A49C3339}.AppStore|Any CPU.Build.0 = AppStore|Any CPU
		{6E489D54-1048-4780-81D1-A694A49C3339}.AppStore|iPhone.ActiveCfg = AppStore|Any CPU
		{6E489D54-1048-4780-81D1-A694A49C3339}.AppStore|iPhone.Build.0 = AppStore|Any CPU
		{6E489D54-1048-4780-81D1-A694A49C3339}.AppStore|iPhoneSimulator.ActiveCfg = AppStore|Any CPU
		{6E489D54-1048-4780-81D1-A694A49C3339}.AppStore|iPhoneSimulator.Build.0 = AppStore|Any CPU
		{6E489D54-1048-4780-81D1-A694A49C3339}.AppStoreBeta|Any CPU.ActiveCfg = AppStoreBeta|Any CPU
		{6E489D54-1048-4780-81D1-A694A49C3339}.AppStoreBeta|Any CPU.Build.0 = AppStoreBeta|Any CPU
		{6E489D54-1048-4780-81D1-A694A49C3339}.AppStoreBeta|iPhone.ActiveCfg = AppStoreBeta|Any CPU
		{6E489D54-1048-4780-81D1-A694A49C3339}.AppStoreBeta|iPhone.Build.0 = AppStoreBeta|Any CPU
		{6E489D54-1048-4780-81D1-A694A49C3339}.AppStoreBeta|iPhoneSimulator.ActiveCfg = AppStoreBeta|Any CPU
		{6E489D54-1048-4780-81D1-A694A49C3339}.AppStoreBeta|iPhoneSimulator.Build.0 = AppStoreBeta|Any CPU
		{6E489D54-1048-4780-81D1-A694A49C3339}.Debug|Any CPU.ActiveCfg = Debug|Any CPU
		{6E489D54-1048-4780-81D1-A694A49C3339}.Debug|Any CPU.Build.0 = Debug|Any CPU
		{6E489D54-1048-4780-81D1-A694A49C3339}.Debug|iPhone.ActiveCfg = Debug|Any CPU
		{6E489D54-1048-4780-81D1-A694A49C3339}.Debug|iPhone.Build.0 = Debug|Any CPU
		{6E489D54-1048-4780-81D1-A694A49C3339}.Debug|iPhoneSimulator.ActiveCfg = Debug|Any CPU
		{6E489D54-1048-4780-81D1-A694A49C3339}.Debug|iPhoneSimulator.Build.0 = Debug|Any CPU
		{6E489D54-1048-4780-81D1-A694A49C3339}.Development|Any CPU.ActiveCfg = Development|Any CPU
		{6E489D54-1048-4780-81D1-A694A49C3339}.Development|Any CPU.Build.0 = Development|Any CPU
		{6E489D54-1048-4780-81D1-A694A49C3339}.Development|iPhone.ActiveCfg = Development|Any CPU
		{6E489D54-1048-4780-81D1-A694A49C3339}.Development|iPhone.Build.0 = Development|Any CPU
		{6E489D54-1048-4780-81D1-A694A49C3339}.Development|iPhoneSimulator.ActiveCfg = Development|Any CPU
		{6E489D54-1048-4780-81D1-A694A49C3339}.Development|iPhoneSimulator.Build.0 = Development|Any CPU
		{6E489D54-1048-4780-81D1-A694A49C3339}.Test|Any CPU.ActiveCfg = Test|Any CPU
		{6E489D54-1048-4780-81D1-A694A49C3339}.Test|Any CPU.Build.0 = Test|Any CPU
		{6E489D54-1048-4780-81D1-A694A49C3339}.Test|iPhone.ActiveCfg = Test|Any CPU
		{6E489D54-1048-4780-81D1-A694A49C3339}.Test|iPhone.Build.0 = Test|Any CPU
		{6E489D54-1048-4780-81D1-A694A49C3339}.Test|iPhoneSimulator.ActiveCfg = Test|Any CPU
		{6E489D54-1048-4780-81D1-A694A49C3339}.Test|iPhoneSimulator.Build.0 = Test|Any CPU
		{6E489D54-1048-4780-81D1-A694A49C3339}.Unittests|Any CPU.ActiveCfg = Unittests|Any CPU
		{6E489D54-1048-4780-81D1-A694A49C3339}.Unittests|Any CPU.Build.0 = Unittests|Any CPU
		{6E489D54-1048-4780-81D1-A694A49C3339}.Unittests|iPhone.ActiveCfg = Unittests|Any CPU
		{6E489D54-1048-4780-81D1-A694A49C3339}.Unittests|iPhone.Build.0 = Unittests|Any CPU
		{6E489D54-1048-4780-81D1-A694A49C3339}.Unittests|iPhoneSimulator.ActiveCfg = Unittests|Any CPU
		{6E489D54-1048-4780-81D1-A694A49C3339}.Unittests|iPhoneSimulator.Build.0 = Unittests|Any CPU
		{527A0E95-1B35-467D-B896-3ACF44EE50EA}.AppStore|Any CPU.ActiveCfg = AppStore|Any CPU
		{527A0E95-1B35-467D-B896-3ACF44EE50EA}.AppStore|iPhone.ActiveCfg = Debug|Any CPU
		{527A0E95-1B35-467D-B896-3ACF44EE50EA}.AppStore|iPhoneSimulator.ActiveCfg = AppStore|Any CPU
		{527A0E95-1B35-467D-B896-3ACF44EE50EA}.AppStore|iPhoneSimulator.Build.0 = AppStore|Any CPU
		{527A0E95-1B35-467D-B896-3ACF44EE50EA}.AppStoreBeta|Any CPU.ActiveCfg = AppStoreBeta|Any CPU
		{527A0E95-1B35-467D-B896-3ACF44EE50EA}.AppStoreBeta|iPhone.ActiveCfg = AppStoreBeta|iPhone
		{527A0E95-1B35-467D-B896-3ACF44EE50EA}.AppStoreBeta|iPhoneSimulator.ActiveCfg = AppStoreBeta|Any CPU
		{527A0E95-1B35-467D-B896-3ACF44EE50EA}.AppStoreBeta|iPhoneSimulator.Build.0 = AppStoreBeta|Any CPU
		{527A0E95-1B35-467D-B896-3ACF44EE50EA}.Debug|Any CPU.ActiveCfg = Debug|Any CPU
		{527A0E95-1B35-467D-B896-3ACF44EE50EA}.Debug|Any CPU.Build.0 = Debug|Any CPU
		{527A0E95-1B35-467D-B896-3ACF44EE50EA}.Debug|iPhone.ActiveCfg = Debug|Any CPU
		{527A0E95-1B35-467D-B896-3ACF44EE50EA}.Debug|iPhone.Build.0 = Debug|Any CPU
		{527A0E95-1B35-467D-B896-3ACF44EE50EA}.Debug|iPhoneSimulator.ActiveCfg = Debug|Any CPU
		{527A0E95-1B35-467D-B896-3ACF44EE50EA}.Debug|iPhoneSimulator.Build.0 = Debug|Any CPU
		{527A0E95-1B35-467D-B896-3ACF44EE50EA}.Development|Any CPU.ActiveCfg = Development|Any CPU
		{527A0E95-1B35-467D-B896-3ACF44EE50EA}.Development|Any CPU.Build.0 = Development|Any CPU
		{527A0E95-1B35-467D-B896-3ACF44EE50EA}.Development|iPhone.ActiveCfg = Development|Any CPU
		{527A0E95-1B35-467D-B896-3ACF44EE50EA}.Development|iPhone.Build.0 = Development|Any CPU
		{527A0E95-1B35-467D-B896-3ACF44EE50EA}.Development|iPhoneSimulator.ActiveCfg = Development|Any CPU
		{527A0E95-1B35-467D-B896-3ACF44EE50EA}.Development|iPhoneSimulator.Build.0 = Development|Any CPU
		{527A0E95-1B35-467D-B896-3ACF44EE50EA}.Test|Any CPU.ActiveCfg = Test|Any CPU
		{527A0E95-1B35-467D-B896-3ACF44EE50EA}.Test|Any CPU.Build.0 = Test|Any CPU
		{527A0E95-1B35-467D-B896-3ACF44EE50EA}.Test|iPhone.ActiveCfg = Test|Any CPU
		{527A0E95-1B35-467D-B896-3ACF44EE50EA}.Test|iPhone.Build.0 = Test|Any CPU
		{527A0E95-1B35-467D-B896-3ACF44EE50EA}.Test|iPhoneSimulator.ActiveCfg = Test|Any CPU
		{527A0E95-1B35-467D-B896-3ACF44EE50EA}.Test|iPhoneSimulator.Build.0 = Test|Any CPU
		{527A0E95-1B35-467D-B896-3ACF44EE50EA}.Unittests|Any CPU.ActiveCfg = Unittests|Any CPU
		{527A0E95-1B35-467D-B896-3ACF44EE50EA}.Unittests|Any CPU.Build.0 = Unittests|Any CPU
		{527A0E95-1B35-467D-B896-3ACF44EE50EA}.Unittests|iPhone.ActiveCfg = Unittests|Any CPU
		{527A0E95-1B35-467D-B896-3ACF44EE50EA}.Unittests|iPhone.Build.0 = Unittests|Any CPU
		{527A0E95-1B35-467D-B896-3ACF44EE50EA}.Unittests|iPhoneSimulator.ActiveCfg = Unittests|Any CPU
		{527A0E95-1B35-467D-B896-3ACF44EE50EA}.Unittests|iPhoneSimulator.Build.0 = Unittests|Any CPU
		{01BA28A8-4E03-43A4-A8E2-8488D3841FDA}.AppStore|Any CPU.ActiveCfg = AppStore|Any CPU
		{01BA28A8-4E03-43A4-A8E2-8488D3841FDA}.AppStore|Any CPU.Build.0 = AppStore|Any CPU
		{01BA28A8-4E03-43A4-A8E2-8488D3841FDA}.AppStore|iPhone.ActiveCfg = AppStore|Any CPU
		{01BA28A8-4E03-43A4-A8E2-8488D3841FDA}.AppStore|iPhone.Build.0 = AppStore|Any CPU
		{01BA28A8-4E03-43A4-A8E2-8488D3841FDA}.AppStore|iPhoneSimulator.ActiveCfg = AppStore|Any CPU
		{01BA28A8-4E03-43A4-A8E2-8488D3841FDA}.AppStore|iPhoneSimulator.Build.0 = AppStore|Any CPU
		{01BA28A8-4E03-43A4-A8E2-8488D3841FDA}.AppStoreBeta|Any CPU.ActiveCfg = AppStoreBeta|Any CPU
		{01BA28A8-4E03-43A4-A8E2-8488D3841FDA}.AppStoreBeta|Any CPU.Build.0 = AppStoreBeta|Any CPU
		{01BA28A8-4E03-43A4-A8E2-8488D3841FDA}.AppStoreBeta|iPhone.ActiveCfg = AppStoreBeta|Any CPU
		{01BA28A8-4E03-43A4-A8E2-8488D3841FDA}.AppStoreBeta|iPhone.Build.0 = AppStoreBeta|Any CPU
		{01BA28A8-4E03-43A4-A8E2-8488D3841FDA}.AppStoreBeta|iPhoneSimulator.ActiveCfg = AppStoreBeta|Any CPU
		{01BA28A8-4E03-43A4-A8E2-8488D3841FDA}.AppStoreBeta|iPhoneSimulator.Build.0 = AppStoreBeta|Any CPU
		{01BA28A8-4E03-43A4-A8E2-8488D3841FDA}.Debug|Any CPU.ActiveCfg = Debug|Any CPU
		{01BA28A8-4E03-43A4-A8E2-8488D3841FDA}.Debug|Any CPU.Build.0 = Debug|Any CPU
		{01BA28A8-4E03-43A4-A8E2-8488D3841FDA}.Debug|iPhone.ActiveCfg = Debug|Any CPU
		{01BA28A8-4E03-43A4-A8E2-8488D3841FDA}.Debug|iPhone.Build.0 = Debug|Any CPU
		{01BA28A8-4E03-43A4-A8E2-8488D3841FDA}.Debug|iPhoneSimulator.ActiveCfg = Debug|Any CPU
		{01BA28A8-4E03-43A4-A8E2-8488D3841FDA}.Debug|iPhoneSimulator.Build.0 = Debug|Any CPU
		{01BA28A8-4E03-43A4-A8E2-8488D3841FDA}.Development|Any CPU.ActiveCfg = Debug|Any CPU
		{01BA28A8-4E03-43A4-A8E2-8488D3841FDA}.Development|Any CPU.Build.0 = Debug|Any CPU
		{01BA28A8-4E03-43A4-A8E2-8488D3841FDA}.Development|iPhone.ActiveCfg = Debug|Any CPU
		{01BA28A8-4E03-43A4-A8E2-8488D3841FDA}.Development|iPhone.Build.0 = Debug|Any CPU
		{01BA28A8-4E03-43A4-A8E2-8488D3841FDA}.Development|iPhoneSimulator.ActiveCfg = Debug|Any CPU
		{01BA28A8-4E03-43A4-A8E2-8488D3841FDA}.Development|iPhoneSimulator.Build.0 = Debug|Any CPU
		{01BA28A8-4E03-43A4-A8E2-8488D3841FDA}.Test|Any CPU.ActiveCfg = Test|Any CPU
		{01BA28A8-4E03-43A4-A8E2-8488D3841FDA}.Test|Any CPU.Build.0 = Test|Any CPU
		{01BA28A8-4E03-43A4-A8E2-8488D3841FDA}.Test|iPhone.ActiveCfg = Test|Any CPU
		{01BA28A8-4E03-43A4-A8E2-8488D3841FDA}.Test|iPhone.Build.0 = Test|Any CPU
		{01BA28A8-4E03-43A4-A8E2-8488D3841FDA}.Test|iPhoneSimulator.ActiveCfg = Test|Any CPU
		{01BA28A8-4E03-43A4-A8E2-8488D3841FDA}.Test|iPhoneSimulator.Build.0 = Test|Any CPU
		{01BA28A8-4E03-43A4-A8E2-8488D3841FDA}.Unittests|Any CPU.ActiveCfg = Debug|Any CPU
		{01BA28A8-4E03-43A4-A8E2-8488D3841FDA}.Unittests|Any CPU.Build.0 = Debug|Any CPU
		{01BA28A8-4E03-43A4-A8E2-8488D3841FDA}.Unittests|iPhone.ActiveCfg = Test|Any CPU
		{01BA28A8-4E03-43A4-A8E2-8488D3841FDA}.Unittests|iPhone.Build.0 = Test|Any CPU
		{01BA28A8-4E03-43A4-A8E2-8488D3841FDA}.Unittests|iPhoneSimulator.ActiveCfg = Test|Any CPU
		{01BA28A8-4E03-43A4-A8E2-8488D3841FDA}.Unittests|iPhoneSimulator.Build.0 = Test|Any CPU
		{3703B8A3-43FA-4B9F-831D-331686527F34}.AppStore|Any CPU.ActiveCfg = AppStore|Any CPU
		{3703B8A3-43FA-4B9F-831D-331686527F34}.AppStore|Any CPU.Build.0 = AppStore|Any CPU
		{3703B8A3-43FA-4B9F-831D-331686527F34}.AppStore|iPhone.ActiveCfg = Debug|Any CPU
		{3703B8A3-43FA-4B9F-831D-331686527F34}.AppStore|iPhoneSimulator.ActiveCfg = AppStore|Any CPU
		{3703B8A3-43FA-4B9F-831D-331686527F34}.AppStore|iPhoneSimulator.Build.0 = AppStore|Any CPU
		{3703B8A3-43FA-4B9F-831D-331686527F34}.AppStore|iPhoneSimulator.Deploy.0 = AppStore|Any CPU
		{3703B8A3-43FA-4B9F-831D-331686527F34}.AppStoreBeta|Any CPU.ActiveCfg = AppStoreBeta|Any CPU
		{3703B8A3-43FA-4B9F-831D-331686527F34}.AppStoreBeta|Any CPU.Build.0 = AppStoreBeta|Any CPU
		{3703B8A3-43FA-4B9F-831D-331686527F34}.AppStoreBeta|iPhone.ActiveCfg = AppStoreBeta|Any CPU
		{3703B8A3-43FA-4B9F-831D-331686527F34}.AppStoreBeta|iPhoneSimulator.ActiveCfg = AppStoreBeta|Any CPU
		{3703B8A3-43FA-4B9F-831D-331686527F34}.AppStoreBeta|iPhoneSimulator.Build.0 = AppStoreBeta|Any CPU
		{3703B8A3-43FA-4B9F-831D-331686527F34}.AppStoreBeta|iPhoneSimulator.Deploy.0 = AppStoreBeta|Any CPU
		{3703B8A3-43FA-4B9F-831D-331686527F34}.Debug|Any CPU.ActiveCfg = Debug|Any CPU
		{3703B8A3-43FA-4B9F-831D-331686527F34}.Debug|Any CPU.Build.0 = Debug|Any CPU
		{3703B8A3-43FA-4B9F-831D-331686527F34}.Debug|Any CPU.Deploy.0 = Debug|Any CPU
		{3703B8A3-43FA-4B9F-831D-331686527F34}.Debug|iPhone.ActiveCfg = Debug|Any CPU
		{3703B8A3-43FA-4B9F-831D-331686527F34}.Debug|iPhone.Build.0 = Debug|Any CPU
		{3703B8A3-43FA-4B9F-831D-331686527F34}.Debug|iPhoneSimulator.ActiveCfg = Debug|Any CPU
		{3703B8A3-43FA-4B9F-831D-331686527F34}.Debug|iPhoneSimulator.Build.0 = Debug|Any CPU
		{3703B8A3-43FA-4B9F-831D-331686527F34}.Development|Any CPU.ActiveCfg = Development|Any CPU
		{3703B8A3-43FA-4B9F-831D-331686527F34}.Development|Any CPU.Build.0 = Development|Any CPU
		{3703B8A3-43FA-4B9F-831D-331686527F34}.Development|Any CPU.Deploy.0 = Development|Any CPU
		{3703B8A3-43FA-4B9F-831D-331686527F34}.Development|iPhone.ActiveCfg = Development|Any CPU
		{3703B8A3-43FA-4B9F-831D-331686527F34}.Development|iPhone.Deploy.0 = Development|Any CPU
		{3703B8A3-43FA-4B9F-831D-331686527F34}.Development|iPhoneSimulator.ActiveCfg = Development|Any CPU
		{3703B8A3-43FA-4B9F-831D-331686527F34}.Development|iPhoneSimulator.Deploy.0 = Development|Any CPU
		{3703B8A3-43FA-4B9F-831D-331686527F34}.Test|Any CPU.ActiveCfg = Test|Any CPU
		{3703B8A3-43FA-4B9F-831D-331686527F34}.Test|Any CPU.Build.0 = Test|Any CPU
		{3703B8A3-43FA-4B9F-831D-331686527F34}.Test|iPhone.ActiveCfg = Test|Any CPU
		{3703B8A3-43FA-4B9F-831D-331686527F34}.Test|iPhoneSimulator.ActiveCfg = Test|Any CPU
		{3703B8A3-43FA-4B9F-831D-331686527F34}.Test|iPhoneSimulator.Build.0 = Test|Any CPU
		{3703B8A3-43FA-4B9F-831D-331686527F34}.Test|iPhoneSimulator.Deploy.0 = Test|Any CPU
		{3703B8A3-43FA-4B9F-831D-331686527F34}.Unittests|Any CPU.ActiveCfg = Unittests|Any CPU
		{3703B8A3-43FA-4B9F-831D-331686527F34}.Unittests|Any CPU.Build.0 = Unittests|Any CPU
		{3703B8A3-43FA-4B9F-831D-331686527F34}.Unittests|iPhone.ActiveCfg = Unittests|Any CPU
		{3703B8A3-43FA-4B9F-831D-331686527F34}.Unittests|iPhone.Build.0 = Unittests|Any CPU
		{3703B8A3-43FA-4B9F-831D-331686527F34}.Unittests|iPhone.Deploy.0 = Unittests|Any CPU
		{3703B8A3-43FA-4B9F-831D-331686527F34}.Unittests|iPhoneSimulator.ActiveCfg = Unittests|Any CPU
		{3703B8A3-43FA-4B9F-831D-331686527F34}.Unittests|iPhoneSimulator.Build.0 = Unittests|Any CPU
		{3703B8A3-43FA-4B9F-831D-331686527F34}.Unittests|iPhoneSimulator.Deploy.0 = Unittests|Any CPU
		{405FDB97-9A61-426F-B1B9-86D876065C57}.AppStore|Any CPU.ActiveCfg = AppStore|Any CPU
		{405FDB97-9A61-426F-B1B9-86D876065C57}.AppStore|iPhone.ActiveCfg = AppStore|iPhone
		{405FDB97-9A61-426F-B1B9-86D876065C57}.AppStore|iPhone.Build.0 = AppStore|iPhone
		{405FDB97-9A61-426F-B1B9-86D876065C57}.AppStore|iPhoneSimulator.ActiveCfg = AppStore|iPhoneSimulator
		{405FDB97-9A61-426F-B1B9-86D876065C57}.AppStore|iPhoneSimulator.Build.0 = AppStore|iPhoneSimulator
		{405FDB97-9A61-426F-B1B9-86D876065C57}.AppStoreBeta|Any CPU.ActiveCfg = AppStoreBeta|Any CPU
		{405FDB97-9A61-426F-B1B9-86D876065C57}.AppStoreBeta|iPhone.ActiveCfg = AppStoreBeta|iPhone
		{405FDB97-9A61-426F-B1B9-86D876065C57}.AppStoreBeta|iPhone.Build.0 = AppStoreBeta|iPhone
		{405FDB97-9A61-426F-B1B9-86D876065C57}.AppStoreBeta|iPhoneSimulator.ActiveCfg = AppStoreBeta|iPhoneSimulator
		{405FDB97-9A61-426F-B1B9-86D876065C57}.AppStoreBeta|iPhoneSimulator.Build.0 = AppStoreBeta|iPhoneSimulator
		{405FDB97-9A61-426F-B1B9-86D876065C57}.Debug|Any CPU.ActiveCfg = Debug|iPhoneSimulator
		{405FDB97-9A61-426F-B1B9-86D876065C57}.Debug|Any CPU.Build.0 = Debug|iPhoneSimulator
		{405FDB97-9A61-426F-B1B9-86D876065C57}.Debug|iPhone.ActiveCfg = Debug|iPhone
		{405FDB97-9A61-426F-B1B9-86D876065C57}.Debug|iPhone.Build.0 = Debug|iPhone
		{405FDB97-9A61-426F-B1B9-86D876065C57}.Debug|iPhone.Deploy.0 = Debug|iPhone
		{405FDB97-9A61-426F-B1B9-86D876065C57}.Debug|iPhoneSimulator.ActiveCfg = Debug|iPhoneSimulator
		{405FDB97-9A61-426F-B1B9-86D876065C57}.Debug|iPhoneSimulator.Build.0 = Debug|iPhoneSimulator
		{405FDB97-9A61-426F-B1B9-86D876065C57}.Development|Any CPU.ActiveCfg = Development|iPhoneSimulator
		{405FDB97-9A61-426F-B1B9-86D876065C57}.Development|iPhone.ActiveCfg = Development|iPhone
		{405FDB97-9A61-426F-B1B9-86D876065C57}.Development|iPhone.Build.0 = Development|iPhone
		{405FDB97-9A61-426F-B1B9-86D876065C57}.Development|iPhoneSimulator.ActiveCfg = Development|iPhoneSimulator
		{405FDB97-9A61-426F-B1B9-86D876065C57}.Development|iPhoneSimulator.Build.0 = Development|iPhoneSimulator
		{405FDB97-9A61-426F-B1B9-86D876065C57}.Test|Any CPU.ActiveCfg = Test|Any CPU
		{405FDB97-9A61-426F-B1B9-86D876065C57}.Test|iPhone.ActiveCfg = Test|iPhone
		{405FDB97-9A61-426F-B1B9-86D876065C57}.Test|iPhone.Build.0 = Test|iPhone
		{405FDB97-9A61-426F-B1B9-86D876065C57}.Test|iPhoneSimulator.ActiveCfg = Test|iPhoneSimulator
		{405FDB97-9A61-426F-B1B9-86D876065C57}.Test|iPhoneSimulator.Build.0 = Test|iPhoneSimulator
		{405FDB97-9A61-426F-B1B9-86D876065C57}.Unittests|Any CPU.ActiveCfg = Unittests|Any CPU
		{405FDB97-9A61-426F-B1B9-86D876065C57}.Unittests|Any CPU.Build.0 = Unittests|Any CPU
		{405FDB97-9A61-426F-B1B9-86D876065C57}.Unittests|iPhone.ActiveCfg = Unittests|iPhone
		{405FDB97-9A61-426F-B1B9-86D876065C57}.Unittests|iPhone.Build.0 = Unittests|iPhone
		{405FDB97-9A61-426F-B1B9-86D876065C57}.Unittests|iPhoneSimulator.ActiveCfg = Unittests|iPhoneSimulator
		{405FDB97-9A61-426F-B1B9-86D876065C57}.Unittests|iPhoneSimulator.Build.0 = Unittests|iPhoneSimulator
	EndGlobalSection
	GlobalSection(SolutionProperties) = preSolution
		HideSolutionNode = FALSE
	EndGlobalSection
	GlobalSection(ExtensibilityGlobals) = postSolution
		SolutionGuid = {D62FCF85-E40A-4749-A75D-ECD6EB1AEC4C}
	EndGlobalSection
EndGlobal
